
Microsoft Visual Studio Solution File, Format Version 12.00
# Visual Studio 15
VisualStudioVersion = 15.0.26730.3
MinimumVisualStudioVersion = 10.0.40219.1
Project("{FAE04EC0-301F-11D3-BF4B-00C04F79EFBC}") = "TranslatorForProgramingLanguage", "TranslatorForProgramingLanguage\TranslatorForProgramingLanguage.csproj", "{F3CBCD8F-D008-4962-8370-CC8810AE7883}"
EndProject
Global
	GlobalSection(SolutionConfigurationPlatforms) = preSolution
		Debug|Any CPU = Debug|Any CPU
		Release|Any CPU = Release|Any CPU
	EndGlobalSection
	GlobalSection(ProjectConfigurationPlatforms) = postSolution
		{F3CBCD8F-D008-4962-8370-CC8810AE7883}.Debug|Any CPU.ActiveCfg = Debug|Any CPU
		{F3CBCD8F-D008-4962-8370-CC8810AE7883}.Debug|Any CPU.Build.0 = Debug|Any CPU
		{F3CBCD8F-D008-4962-8370-CC8810AE7883}.Release|Any CPU.ActiveCfg = Release|Any CPU
		{F3CBCD8F-D008-4962-8370-CC8810AE7883}.Release|Any CPU.Build.0 = Release|Any CPU
	EndGlobalSection
	GlobalSection(SolutionProperties) = preSolution
		HideSolutionNode = FALSE
	EndGlobalSection
	GlobalSection(ExtensibilityGlobals) = postSolution
		SolutionGuid = {F950E5CD-CD0D-481C-9ADE-B07379EDE4B4}
	EndGlobalSection
EndGlobal
